
Microsoft Visual Studio Solution File, Format Version 12.00
# Visual Studio Version 17
VisualStudioVersion = 17.3.32819.101
MinimumVisualStudioVersion = 10.0.40219.1
Project("{FAE04EC0-301F-11D3-BF4B-00C04F79EFBC}") = "quanlyCuaHang", "quanlyCuaHang\quanlyCuaHang.csproj", "{F6199412-557B-4803-A2C9-A4714193956B}"
EndProject
Global
	GlobalSection(SolutionConfigurationPlatforms) = preSolution
		Debug|Any CPU = Debug|Any CPU
		Release|Any CPU = Release|Any CPU
	EndGlobalSection
	GlobalSection(ProjectConfigurationPlatforms) = postSolution
		{F6199412-557B-4803-A2C9-A4714193956B}.Debug|Any CPU.ActiveCfg = Debug|Any CPU
		{F6199412-557B-4803-A2C9-A4714193956B}.Debug|Any CPU.Build.0 = Debug|Any CPU
		{F6199412-557B-4803-A2C9-A4714193956B}.Release|Any CPU.ActiveCfg = Release|Any CPU
		{F6199412-557B-4803-A2C9-A4714193956B}.Release|Any CPU.Build.0 = Release|Any CPU
	EndGlobalSection
	GlobalSection(SolutionProperties) = preSolution
		HideSolutionNode = FALSE
	EndGlobalSection
	GlobalSection(ExtensibilityGlobals) = postSolution
		SolutionGuid = {72A1125C-FA1D-4501-8B69-972172D436AE}
	EndGlobalSection
EndGlobal
